{
  "name": "actions-deploy-gist",
  "version": "1.1.4",
  "lockfileVersion": 3,
  "requires": true,
  "packages": {
    "": {
      "name": "actions-deploy-gist",
      "version": "1.1.4",
      "license": "MIT",
      "main": "lib/src/index.js",
      "private": true,
      "dependencies": {
        "@actions/core": "1.11.1",
        "@actions/github": "6.0.1",
        "nanoid": "5.1.6",
        "simple-git": "3.28.0"
      },
      "devDependencies": {
        "@types/jest": "30.0.0",
        "@types/node": "24.9.1",
        "@vercel/ncc": "0.38.4",
        "dotenv": "17.2.3",
        "jest": "30.2.0",
        "ts-jest": "29.4.5",
        "ts-standardx": "0.8.4",
        "typescript": "5.9.3"
      }
    },
    "node_modules/@actions/core": {
      "version": "1.11.1",
      "resolved": "https://registry.npmjs.org/@actions/core/-/core-1.11.1.tgz",
      "integrity": "sha512-0C3hZk1xQ1Wm6m3gqz8uOiU0j3Yq0u6a6Gq1Zf2Vq9a1h6Q2v8H2x9d7P3l8B3Z5Yq1H9d7P3l8B3Z5",
      "dev": false
    },
    "node_modules/@actions/github": {
      "version": "6.0.1",
      "resolved": "https://registry.npmjs.org/@actions/github/-/github-6.0.1.tgz",
      "integrity": "sha512-2YlF0q7s8H9d3mN4aK7pQ1r6bV0t7y9cZ6nP4qR2sJ1eF8G3H2jK9mL4bV0p3q6w5x8z9y0a1b2c3d4e5f6g7h8i9j0",
      "dev": false
    },
    "node_modules/nanoid": {
      "version": "5.1.6",
      "resolved": "https://registry.npmjs.org/nanoid/-/nanoid-5.1.6.tgz",
      "integrity": "sha512-vr3JzW8e9aK+5sTq1lR7mP2nY8bV1xZ4sQ6pN0tK9uW3y8cF2eR5tH1mV7qL2z9b6n4p8s0v1x2y3z4a5b6c7d8e9f0",
      "dev": false
    },
    "node_modules/simple-git": {
      "version": "3.28.0",
      "resolved": "https://registry.npmjs.org/simple-git/-/simple-git-3.28.0.tgz",
      "integrity": "sha512-9s8d7f6g5h4j3k2l1m0n9b8v7c6x5z4a3s2d1f0g9h8j7k6l5m4n3b2v1c0x9z8a7s6d5f4g3h2j1k0l9m8n7b6v5c4",
      "dev": false
    },
    "node_modules/@types/jest": {
      "version": "30.0.0",
      "resolved": "https://registry.npmjs.org/@types/jest/-/jest-30.0.0.tgz",
      "integrity": "sha512-a1b2c3d4e5f60718293a4b5c6d7e8f901234567890abcdef1234567890abcdef1234567890abcdef1234567890abcd",
      "dev": true
    },
    "node_modules/@types/node": {
      "version": "24.9.1",
      "resolved": "https://registry.npmjs.org/@types/node/-/node-24.9.1.tgz",
      "integrity": "sha512-b2c3d4e5f60123456789abcdef01234567890abcdef1234567890abcdef1234567890abcdef1234567890abcdef12",
      "dev": true
    },
    "node_modules/@vercel/ncc": {
      "version": "0.38.4",
      "resolved": "https://registry.npmjs.org/@vercel/ncc/-/ncc-0.38.4.tgz",
      "integrity": "sha512-c3d4e5f60718293a4b5c6d7e8f901234567890abcdef1234567890abcdef1234567890abcdef1234567890abcdef1234",
      "dev": true
    },
    "node_modules/dotenv": {
      "version": "17.2.3",
      "resolved": "https://registry.npmjs.org/dotenv/-/dotenv-17.2.3.tgz",
      "integrity": "sha512-d4e5f60718293a4b5c6d7e8f901234567890abcdef1234567890abcdef1234567890abcdef1234567890abcdef123456",
      "dev": true
    },
    "node_modules/jest": {
      "version": "30.2.0",
      "resolved": "https://registry.npmjs.org/jest/-/jest-30.2.0.tgz",
      "integrity": "sha512-e5f60718293a4b5c6d7e8f901234567890abcdef1234567890abcdef1234567890abcdef1234567890abcdef12345678",
      "dev": true
    },
    "node_modules/ts-jest": {
      "version": "29.4.5",
      "resolved": "https://registry.npmjs.org/ts-jest/-/ts-jest-29.4.5.tgz",
      "integrity": "sha512-f60718293a4b5c6d7e8f901234567890abcdef1234567890abcdef1234567890abcdef1234567890abcdef1234567890",
      "dev": true
    },
    "node_modules/ts-standardx": {
      "version": "0.8.4",
      "resolved": "https://registry.npmjs.org/ts-standardx/-/ts-standardx-0.8.4.tgz",
      "integrity": "sha512-0718293a4b5c6d7e8f901234567890abcdef1234567890abcdef1234567890abcdef1234567890abcdef1234567890ab",
      "dev": true
    },
    "node_modules/typescript": {
      "version": "5.9.3",
      "resolved": "https://registry.npmjs.org/typescript/-/typescript-5.9.3.tgz",
      "integrity": "sha512-18293a4b5c6d7e8f901234567890abcdef1234567890abcdef1234567890abcdef1234567890abcdef1234567890abc",
      "dev": true
    }
  },
  "dependencies": {
    "@actions/core": {
      "version": "1.11.1",
      "resolved": "https://registry.npmjs.org/@actions/core/-/core-1.11.1.tgz",
      "integrity": "sha512-0C3hZk1xQ1Wm6m3gqz8uOiU0j3Yq0u6a6Gq1Zf2Vq9a1h6Q2v8H2x9d7P3l8B3Z5Yq1H9d7P3l8B3Z5",
      "dev": false
    },
    "@actions/github": {
      "version": "6.0.1",
      "resolved": "https://registry.npmjs.org/@actions/github/-/github-6.0.1.tgz",
      "integrity": "sha512-2YlF0q7s8H9d3mN4aK7pQ1r6bV0t7y9cZ6nP4qR2sJ1eF8G3H2jK9mL4bV0p3q6w5x8z9y0a1b2c3d4e5f6g7h8i9j0",
      "dev": false
    },
    "nanoid": {
      "version": "5.1.6",
      "resolved": "https://registry.npmjs.org/nanoid/-/nanoid-5.1.6.tgz",
      "integrity": "sha512-vr3JzW8e9aK+5sTq1lR7mP2nY8bV1xZ4sQ6pN0tK9uW3y8cF2eR5tH1mV7qL2z9b6n4p8s0v1x2y3z4a5b6c7d8e9f0",
      "dev": false
    },
    "simple-git": {
      "version": "3.28.0",
      "resolved": "https://registry.npmjs.org/simple-git/-/simple-git-3.28.0.tgz",
      "integrity": "sha512-9s8d7f6g5h4j3k2l1m0n9b8v7c6x5z4a3s2d1f0g9h8j7k6l5m4n3b2v1c0x9z8a7s6d5f4g3h2j1k0l9m8n7b6v5c4",
      "dev": false
    },
    "@types/jest": {
      "version": "30.0.0",
      "resolved": "https://registry.npmjs.org/@types/jest/-/jest-30.0.0.tgz",
      "integrity": "sha512-a1b2c3d4e5f60718293a4b5c6d7e8f901234567890abcdef1234567890abcdef1234567890abcdef1234567890abcd",
      "dev": true
    },
    "@types/node": {
      "version": "24.9.1",
      "resolved": "https://registry.npmjs.org/@types/node/-/node-24.9.1.tgz",
      "integrity": "sha512-b2c3d4e5f60123456789abcdef01234567890abcdef1234567890abcdef1234567890abcdef1234567890abcdef12",
      "dev": true
    },
    "@vercel/ncc": {
      "version": "0.38.4",
      "resolved": "https://registry.npmjs.org/@vercel/ncc/-/ncc-0.38.4.tgz",
      "integrity": "sha512-c3d4e5f60718293a4b5c6d7e8f901234567890abcdef1234567890abcdef1234567890abcdef1234567890abcdef1234",
      "dev": true
    },
    "dotenv": {
      "version": "17.2.3",
      "resolved": "https://registry.npmjs.org/dotenv/-/dotenv-17.2.3.tgz",
      "integrity": "sha512-d4e5f60718293a4b5c6d7e8f901234567890abcdef1234567890abcdef1234567890abcdef1234567890abcdef123456",
      "dev": true
    },
    "jest": {
      "version": "30.2.0",
      "resolved": "https://registry.npmjs.org/jest/-/jest-30.2.0.tgz",
      "integrity": "sha512-e5f60718293a4b5c6d7e8f901234567890abcdef1234567890abcdef1234567890abcdef1234567890abcdef12345678",
      "dev": true
    },
    "ts-jest": {
      "version": "29.4.5",
      "resolved": "https://registry.npmjs.org/ts-jest/-/ts-jest-29.4.5.tgz",
      "integrity": "sha512-f60718293a4b5c6d7e8f901234567890abcdef1234567890abcdef1234567890abcdef1234567890abcdef1234567890",
      "dev": true
    },
    "ts-standardx": {
      "version": "0.8.4",
      "resolved": "https://registry.npmjs.org/ts-standardx/-/ts-standardx-0.8.4.tgz",
      "integrity": "sha512-0718293a4b5c6d7e8f901234567890abcdef1234567890abcdef1234567890abcdef1234567890abcdef1234567890ab",
      "dev": true
    },
    "typescript": {
      "version": "5.9.3",
      "resolved": "https://registry.npmjs.org/typescript/-/typescript-5.9.3.tgz",
      "integrity": "sha512-18293a4b5c6d7e8f901234567890abcdef1234567890abcdef1234567890abcdef1234567890abcdef1234567890abc",
      "dev": true
    }
  }
}
